# THIS IS AN AUTOGENERATED FILE. DO NOT EDIT THIS FILE DIRECTLY.
# yarn lockfile v1


argparse@^2.0.1:
  version "2.0.1"
  resolved "https://registry.yarnpkg.com/argparse/-/argparse-2.0.1.tgz#246f50f3ca78a3240f6c997e8a9bd1eac49e4b38"
  integrity sha512-8+9WqebbFzpX9OR+Wa6O29asIogeRMzcGtAINdpMHHyAg10f05aSFVBbcEqGf/PXw1EjAZ+q2/bEBg3DvurK3Q==

js-yaml@^4.0.0:
  version "4.1.0"
  resolved "https://registry.yarnpkg.com/js-yaml/-/js-yaml-4.1.0.tgz#c1fb65f8f5017901cdd2c951864ba18458a10602"
  integrity sha512-wpxZs9NoxZaJESJGIZTyDEaYpl0FKSA+FB9aJiyemKhMwkxQg63h4T1KJgUGHpTqPDNRcmmYLugrRjJlBtWvRA==
  dependencies:
    argparse "^2.0.1"

yaml-cfn@^0.3.2:
  version "0.3.2"
  resolved "https://registry.yarnpkg.com/yaml-cfn/-/yaml-cfn-0.3.2.tgz#f20f5d7a6eec2a9e3775b36360c21a573d679597"
  integrity sha512-MvrWhv40GKWHFGCliTGGAMwAeqIXf/bzf6WW48+xND9iMp8cTj0R8xkwM0lX/GzNN/EZKr5gP4Hx63Fn+sICoA==
  dependencies:
    js-yaml "^4.0.0"
